
Microsoft Visual Studio Solution File, Format Version 12.00
# Visual Studio Version 17
VisualStudioVersion = 17.11.35303.130
MinimumVisualStudioVersion = 10.0.40219.1
Project("{FAE04EC0-301F-11D3-BF4B-00C04F79EFBC}") = "FileFactory", "FileFactory.csproj", "{95A7FA50-49B8-4BD2-9A5F-6318B99E8AE6}"
EndProject
Global
	GlobalSection(SolutionConfigurationPlatforms) = preSolution
		Debug|Any CPU = Debug|Any CPU
		Release|Any CPU = Release|Any CPU
	EndGlobalSection
	GlobalSection(ProjectConfigurationPlatforms) = postSolution
		{95A7FA50-49B8-4BD2-9A5F-6318B99E8AE6}.Debug|Any CPU.ActiveCfg = Debug|Any CPU
		{95A7FA50-49B8-4BD2-9A5F-6318B99E8AE6}.Debug|Any CPU.Build.0 = Debug|Any CPU
		{95A7FA50-49B8-4BD2-9A5F-6318B99E8AE6}.Release|Any CPU.ActiveCfg = Release|Any CPU
		{95A7FA50-49B8-4BD2-9A5F-6318B99E8AE6}.Release|Any CPU.Build.0 = Release|Any CPU
	EndGlobalSection
	GlobalSection(SolutionProperties) = preSolution
		HideSolutionNode = FALSE
	EndGlobalSection
	GlobalSection(ExtensibilityGlobals) = postSolution
		SolutionGuid = {0EAA8202-7DFA-4D88-BF67-024BA30646A4}
	EndGlobalSection
EndGlobal
